
Microsoft Visual Studio Solution File, Format Version 12.00
# Visual Studio Version 16
VisualStudioVersion = 16.0.29215.179
MinimumVisualStudioVersion = 10.0.40219.1
Project("{FAE04EC0-301F-11D3-BF4B-00C04F79EFBC}") = "MahAppsMetroDemo", "MahAppsMetroDemo\MahAppsMetroDemo.csproj", "{5D161CF3-97E5-4069-8AEE-ED0BE860834E}"
EndProject
Global
	GlobalSection(SolutionConfigurationPlatforms) = preSolution
		Debug|Any CPU = Debug|Any CPU
		Release|Any CPU = Release|Any CPU
	EndGlobalSection
	GlobalSection(ProjectConfigurationPlatforms) = postSolution
		{5D161CF3-97E5-4069-8AEE-ED0BE860834E}.Debug|Any CPU.ActiveCfg = Debug|Any CPU
		{5D161CF3-97E5-4069-8AEE-ED0BE860834E}.Debug|Any CPU.Build.0 = Debug|Any CPU
		{5D161CF3-97E5-4069-8AEE-ED0BE860834E}.Release|Any CPU.ActiveCfg = Release|Any CPU
		{5D161CF3-97E5-4069-8AEE-ED0BE860834E}.Release|Any CPU.Build.0 = Release|Any CPU
	EndGlobalSection
	GlobalSection(SolutionProperties) = preSolution
		HideSolutionNode = FALSE
	EndGlobalSection
	GlobalSection(ExtensibilityGlobals) = postSolution
		SolutionGuid = {CFC1F38E-3658-478A-8BF8-B8F8B118AFB7}
	EndGlobalSection
EndGlobal
